
Microsoft Visual Studio Solution File, Format Version 12.00
# Visual Studio Version 17
VisualStudioVersion = 17.7.34031.279
MinimumVisualStudioVersion = 10.0.40219.1
Project("{FAE04EC0-301F-11D3-BF4B-00C04F79EFBC}") = "EC", "EC\EC.csproj", "{06A04B7A-4B8C-4D9D-860C-AE8982ED5546}"
EndProject
Global
	GlobalSection(SolutionConfigurationPlatforms) = preSolution
		Debug|Any CPU = Debug|Any CPU
		Release|Any CPU = Release|Any CPU
	EndGlobalSection
	GlobalSection(ProjectConfigurationPlatforms) = postSolution
		{06A04B7A-4B8C-4D9D-860C-AE8982ED5546}.Debug|Any CPU.ActiveCfg = Debug|Any CPU
		{06A04B7A-4B8C-4D9D-860C-AE8982ED5546}.Debug|Any CPU.Build.0 = Debug|Any CPU
		{06A04B7A-4B8C-4D9D-860C-AE8982ED5546}.Release|Any CPU.ActiveCfg = Release|Any CPU
		{06A04B7A-4B8C-4D9D-860C-AE8982ED5546}.Release|Any CPU.Build.0 = Release|Any CPU
	EndGlobalSection
	GlobalSection(SolutionProperties) = preSolution
		HideSolutionNode = FALSE
	EndGlobalSection
	GlobalSection(ExtensibilityGlobals) = postSolution
		SolutionGuid = {AC6D9C2D-AE3E-47D2-A898-94DE5456D0FD}
	EndGlobalSection
EndGlobal
