
Microsoft Visual Studio Solution File, Format Version 12.00
# Visual Studio Version 16
VisualStudioVersion = 16.0.31424.327
MinimumVisualStudioVersion = 10.0.40219.1
Project("{9A19103F-16F7-4668-BE54-9A1E7A4F7556}") = "STC", "STC\STC.csproj", "{AF51357B-596A-425C-BF2E-6DF8C4DA4F45}"
EndProject
Project("{FAE04EC0-301F-11D3-BF4B-00C04F79EFBC}") = "STCTests", "STCTests\STCTests.csproj", "{64AB5D2E-8C4D-448D-98B5-D9094FBB700D}"
EndProject
Global
	GlobalSection(SolutionConfigurationPlatforms) = preSolution
		Debug|Any CPU = Debug|Any CPU
		Release|Any CPU = Release|Any CPU
	EndGlobalSection
	GlobalSection(ProjectConfigurationPlatforms) = postSolution
		{AF51357B-596A-425C-BF2E-6DF8C4DA4F45}.Debug|Any CPU.ActiveCfg = Debug|Any CPU
		{AF51357B-596A-425C-BF2E-6DF8C4DA4F45}.Debug|Any CPU.Build.0 = Debug|Any CPU
		{AF51357B-596A-425C-BF2E-6DF8C4DA4F45}.Release|Any CPU.ActiveCfg = Release|Any CPU
		{AF51357B-596A-425C-BF2E-6DF8C4DA4F45}.Release|Any CPU.Build.0 = Release|Any CPU
		{64AB5D2E-8C4D-448D-98B5-D9094FBB700D}.Debug|Any CPU.ActiveCfg = Debug|Any CPU
		{64AB5D2E-8C4D-448D-98B5-D9094FBB700D}.Debug|Any CPU.Build.0 = Debug|Any CPU
		{64AB5D2E-8C4D-448D-98B5-D9094FBB700D}.Release|Any CPU.ActiveCfg = Release|Any CPU
		{64AB5D2E-8C4D-448D-98B5-D9094FBB700D}.Release|Any CPU.Build.0 = Release|Any CPU
	EndGlobalSection
	GlobalSection(SolutionProperties) = preSolution
		HideSolutionNode = FALSE
	EndGlobalSection
	GlobalSection(ExtensibilityGlobals) = postSolution
		SolutionGuid = {BF6C7F01-7BCB-4E5F-97B6-7E68DFAB6DAB}
	EndGlobalSection
EndGlobal
